
Microsoft Visual Studio Solution File, Format Version 12.00
# Visual Studio 15
VisualStudioVersion = 15.0.27703.2018
MinimumVisualStudioVersion = 10.0.40219.1
Project("{9A19103F-16F7-4668-BE54-9A1E7A4F7556}") = "SqliteConsole", "SqliteConsole\SqliteConsole.csproj", "{1B9003BE-8787-4B53-BD4D-3F9C2B3A0249}"
EndProject
Project("{FAE04EC0-301F-11D3-BF4B-00C04F79EFBC}") = "SqliteConsole.Core", "SqliteConsole.Core\SqliteConsole.Core.csproj", "{92E809AE-FBA0-4812-B2D6-18A27F9073C6}"
EndProject
Global
	GlobalSection(SolutionConfigurationPlatforms) = preSolution
		Debug|Any CPU = Debug|Any CPU
		Release|Any CPU = Release|Any CPU
	EndGlobalSection
	GlobalSection(ProjectConfigurationPlatforms) = postSolution
		{1B9003BE-8787-4B53-BD4D-3F9C2B3A0249}.Debug|Any CPU.ActiveCfg = Debug|Any CPU
		{1B9003BE-8787-4B53-BD4D-3F9C2B3A0249}.Debug|Any CPU.Build.0 = Debug|Any CPU
		{1B9003BE-8787-4B53-BD4D-3F9C2B3A0249}.Release|Any CPU.ActiveCfg = Release|Any CPU
		{1B9003BE-8787-4B53-BD4D-3F9C2B3A0249}.Release|Any CPU.Build.0 = Release|Any CPU
		{92E809AE-FBA0-4812-B2D6-18A27F9073C6}.Debug|Any CPU.ActiveCfg = Debug|Any CPU
		{92E809AE-FBA0-4812-B2D6-18A27F9073C6}.Debug|Any CPU.Build.0 = Debug|Any CPU
		{92E809AE-FBA0-4812-B2D6-18A27F9073C6}.Release|Any CPU.ActiveCfg = Release|Any CPU
		{92E809AE-FBA0-4812-B2D6-18A27F9073C6}.Release|Any CPU.Build.0 = Release|Any CPU
	EndGlobalSection
	GlobalSection(SolutionProperties) = preSolution
		HideSolutionNode = FALSE
	EndGlobalSection
	GlobalSection(ExtensibilityGlobals) = postSolution
		SolutionGuid = {F31396F8-AD88-4516-9902-F30517E5A4EE}
	EndGlobalSection
EndGlobal
